
Microsoft Visual Studio Solution File, Format Version 12.00
# Visual Studio Version 16
VisualStudioVersion = 16.0.31829.152
MinimumVisualStudioVersion = 10.0.40219.1
Project("{9A19103F-16F7-4668-BE54-9A1E7A4F7556}") = "Overseer", "Overseer\Overseer.csproj", "{75A4E2D8-DF42-47C1-8326-B2A85A00DE1F}"
EndProject
Project("{FAE04EC0-301F-11D3-BF4B-00C04F79EFBC}") = "Backend.Classes", "Backend.Classes\Backend.Classes.csproj", "{9B7094B0-BBF8-4EA2-B103-77D23A33F71D}"
EndProject
Project("{2150E333-8FDC-42A3-9474-1A3956D46DE8}") = "src", "src", "{B9679823-4D6A-4FD6-BBD8-9EEE3C6EE176}"
EndProject
Project("{2150E333-8FDC-42A3-9474-1A3956D46DE8}") = "Tests", "Tests", "{454C3DCB-2528-4968-9B9D-D0D6FC354057}"
EndProject
Global
	GlobalSection(SolutionConfigurationPlatforms) = preSolution
		Debug|Any CPU = Debug|Any CPU
		Release|Any CPU = Release|Any CPU
	EndGlobalSection
	GlobalSection(ProjectConfigurationPlatforms) = postSolution
		{75A4E2D8-DF42-47C1-8326-B2A85A00DE1F}.Debug|Any CPU.ActiveCfg = Debug|Any CPU
		{75A4E2D8-DF42-47C1-8326-B2A85A00DE1F}.Debug|Any CPU.Build.0 = Debug|Any CPU
		{75A4E2D8-DF42-47C1-8326-B2A85A00DE1F}.Release|Any CPU.ActiveCfg = Release|Any CPU
		{75A4E2D8-DF42-47C1-8326-B2A85A00DE1F}.Release|Any CPU.Build.0 = Release|Any CPU
		{9B7094B0-BBF8-4EA2-B103-77D23A33F71D}.Debug|Any CPU.ActiveCfg = Debug|Any CPU
		{9B7094B0-BBF8-4EA2-B103-77D23A33F71D}.Debug|Any CPU.Build.0 = Debug|Any CPU
		{9B7094B0-BBF8-4EA2-B103-77D23A33F71D}.Release|Any CPU.ActiveCfg = Release|Any CPU
		{9B7094B0-BBF8-4EA2-B103-77D23A33F71D}.Release|Any CPU.Build.0 = Release|Any CPU
	EndGlobalSection
	GlobalSection(SolutionProperties) = preSolution
		HideSolutionNode = FALSE
	EndGlobalSection
	GlobalSection(NestedProjects) = preSolution
		{75A4E2D8-DF42-47C1-8326-B2A85A00DE1F} = {B9679823-4D6A-4FD6-BBD8-9EEE3C6EE176}
		{9B7094B0-BBF8-4EA2-B103-77D23A33F71D} = {B9679823-4D6A-4FD6-BBD8-9EEE3C6EE176}
	EndGlobalSection
	GlobalSection(ExtensibilityGlobals) = postSolution
		SolutionGuid = {1B44B13C-ABF3-4B16-973A-A560FD9E7CE4}
	EndGlobalSection
EndGlobal
